
Microsoft Visual Studio Solution File, Format Version 12.00
# Visual Studio Version 17
VisualStudioVersion = 17.7.34003.232
MinimumVisualStudioVersion = 10.0.40219.1
Project("{FAE04EC0-301F-11D3-BF4B-00C04F79EFBC}") = "Jenkin-project", "Jenkin-project.csproj", "{2635166D-AF8F-4B04-883B-28F123AE5049}"
EndProject
Global
	GlobalSection(SolutionConfigurationPlatforms) = preSolution
		Debug|Any CPU = Debug|Any CPU
		Release|Any CPU = Release|Any CPU
	EndGlobalSection
	GlobalSection(ProjectConfigurationPlatforms) = postSolution
		{2635166D-AF8F-4B04-883B-28F123AE5049}.Debug|Any CPU.ActiveCfg = Debug|Any CPU
		{2635166D-AF8F-4B04-883B-28F123AE5049}.Debug|Any CPU.Build.0 = Debug|Any CPU
		{2635166D-AF8F-4B04-883B-28F123AE5049}.Release|Any CPU.ActiveCfg = Release|Any CPU
		{2635166D-AF8F-4B04-883B-28F123AE5049}.Release|Any CPU.Build.0 = Release|Any CPU
	EndGlobalSection
	GlobalSection(SolutionProperties) = preSolution
		HideSolutionNode = FALSE
	EndGlobalSection
	GlobalSection(ExtensibilityGlobals) = postSolution
		SolutionGuid = {91ACD8DF-6A76-441B-B2B7-B603C5ADAE49}
	EndGlobalSection
EndGlobal
